
Microsoft Visual Studio Solution File, Format Version 12.00
# Visual Studio Version 16
VisualStudioVersion = 16.0.34729.46
MinimumVisualStudioVersion = 10.0.40219.1
Project("{FAE04EC0-301F-11D3-BF4B-00C04F79EFBC}") = "Bussiness", "Bussiness\Bussiness.csproj", "{F7872818-E5DE-43F5-A9D9-59E80B25781B}"
EndProject
Project("{FAE04EC0-301F-11D3-BF4B-00C04F79EFBC}") = "DataAccess", "DataAccess\DataAccess.csproj", "{E0AECBD5-FEB2-4969-A2DC-8E04EF8BEF78}"
EndProject
Project("{FAE04EC0-301F-11D3-BF4B-00C04F79EFBC}") = "Entities", "Entities\Entities.csproj", "{ABCB02D2-44BF-4BBC-81F2-9862F958F2D3}"
EndProject
Project("{FAE04EC0-301F-11D3-BF4B-00C04F79EFBC}") = "ConsoleUI", "ConsoleUI\ConsoleUI.csproj", "{C3DABFA4-07F5-4E3A-A419-F17A69D598D9}"
EndProject
Global
	GlobalSection(SolutionConfigurationPlatforms) = preSolution
		Debug|Any CPU = Debug|Any CPU
		Release|Any CPU = Release|Any CPU
	EndGlobalSection
	GlobalSection(ProjectConfigurationPlatforms) = postSolution
		{F7872818-E5DE-43F5-A9D9-59E80B25781B}.Debug|Any CPU.ActiveCfg = Debug|Any CPU
		{F7872818-E5DE-43F5-A9D9-59E80B25781B}.Debug|Any CPU.Build.0 = Debug|Any CPU
		{F7872818-E5DE-43F5-A9D9-59E80B25781B}.Release|Any CPU.ActiveCfg = Release|Any CPU
		{F7872818-E5DE-43F5-A9D9-59E80B25781B}.Release|Any CPU.Build.0 = Release|Any CPU
		{E0AECBD5-FEB2-4969-A2DC-8E04EF8BEF78}.Debug|Any CPU.ActiveCfg = Debug|Any CPU
		{E0AECBD5-FEB2-4969-A2DC-8E04EF8BEF78}.Debug|Any CPU.Build.0 = Debug|Any CPU
		{E0AECBD5-FEB2-4969-A2DC-8E04EF8BEF78}.Release|Any CPU.ActiveCfg = Release|Any CPU
		{E0AECBD5-FEB2-4969-A2DC-8E04EF8BEF78}.Release|Any CPU.Build.0 = Release|Any CPU
		{ABCB02D2-44BF-4BBC-81F2-9862F958F2D3}.Debug|Any CPU.ActiveCfg = Debug|Any CPU
		{ABCB02D2-44BF-4BBC-81F2-9862F958F2D3}.Debug|Any CPU.Build.0 = Debug|Any CPU
		{ABCB02D2-44BF-4BBC-81F2-9862F958F2D3}.Release|Any CPU.ActiveCfg = Release|Any CPU
		{ABCB02D2-44BF-4BBC-81F2-9862F958F2D3}.Release|Any CPU.Build.0 = Release|Any CPU
		{C3DABFA4-07F5-4E3A-A419-F17A69D598D9}.Debug|Any CPU.ActiveCfg = Debug|Any CPU
		{C3DABFA4-07F5-4E3A-A419-F17A69D598D9}.Debug|Any CPU.Build.0 = Debug|Any CPU
		{C3DABFA4-07F5-4E3A-A419-F17A69D598D9}.Release|Any CPU.ActiveCfg = Release|Any CPU
		{C3DABFA4-07F5-4E3A-A419-F17A69D598D9}.Release|Any CPU.Build.0 = Release|Any CPU
	EndGlobalSection
	GlobalSection(SolutionProperties) = preSolution
		HideSolutionNode = FALSE
	EndGlobalSection
	GlobalSection(ExtensibilityGlobals) = postSolution
		SolutionGuid = {2D2C90F3-2510-48CB-9DC5-52306E575DC2}
	EndGlobalSection
EndGlobal
